
Microsoft Visual Studio Solution File, Format Version 12.00
# Visual Studio 15
VisualStudioVersion = 15.0.28307.168
MinimumVisualStudioVersion = 10.0.40219.1
Project("{FAE04EC0-301F-11D3-BF4B-00C04F79EFBC}") = "Library", "Library\Library.csproj", "{30983803-C5DE-484C-8CB3-E8A66AC4300D}"
EndProject
Project("{FAE04EC0-301F-11D3-BF4B-00C04F79EFBC}") = "TestLibrary", "TestLibrary\TestLibrary.csproj", "{AA5D8687-1CB6-49E7-8745-9FCB78A77B76}"
EndProject
Global
	GlobalSection(SolutionConfigurationPlatforms) = preSolution
		Debug|Any CPU = Debug|Any CPU
		Release|Any CPU = Release|Any CPU
	EndGlobalSection
	GlobalSection(ProjectConfigurationPlatforms) = postSolution
		{30983803-C5DE-484C-8CB3-E8A66AC4300D}.Debug|Any CPU.ActiveCfg = Debug|Any CPU
		{30983803-C5DE-484C-8CB3-E8A66AC4300D}.Debug|Any CPU.Build.0 = Debug|Any CPU
		{30983803-C5DE-484C-8CB3-E8A66AC4300D}.Release|Any CPU.ActiveCfg = Release|Any CPU
		{30983803-C5DE-484C-8CB3-E8A66AC4300D}.Release|Any CPU.Build.0 = Release|Any CPU
		{AA5D8687-1CB6-49E7-8745-9FCB78A77B76}.Debug|Any CPU.ActiveCfg = Debug|Any CPU
		{AA5D8687-1CB6-49E7-8745-9FCB78A77B76}.Debug|Any CPU.Build.0 = Debug|Any CPU
		{AA5D8687-1CB6-49E7-8745-9FCB78A77B76}.Release|Any CPU.ActiveCfg = Release|Any CPU
		{AA5D8687-1CB6-49E7-8745-9FCB78A77B76}.Release|Any CPU.Build.0 = Release|Any CPU
	EndGlobalSection
	GlobalSection(SolutionProperties) = preSolution
		HideSolutionNode = FALSE
	EndGlobalSection
	GlobalSection(ExtensibilityGlobals) = postSolution
		SolutionGuid = {59FE4B5B-C395-49F6-B337-29894F2425A3}
	EndGlobalSection
EndGlobal
