
Microsoft Visual Studio Solution File, Format Version 12.00
# Visual Studio 15
VisualStudioVersion = 15.0.28307.168
MinimumVisualStudioVersion = 10.0.40219.1
Project("{FAE04EC0-301F-11D3-BF4B-00C04F79EFBC}") = "WCUStudent.WebApi", "WCUStudent.WebApi\WCUStudent.WebApi.csproj", "{64B312FC-394F-4D5B-B357-3728FF0D713E}"
EndProject
Global
	GlobalSection(SolutionConfigurationPlatforms) = preSolution
		Debug|Any CPU = Debug|Any CPU
		Release|Any CPU = Release|Any CPU
	EndGlobalSection
	GlobalSection(ProjectConfigurationPlatforms) = postSolution
		{64B312FC-394F-4D5B-B357-3728FF0D713E}.Debug|Any CPU.ActiveCfg = Debug|Any CPU
		{64B312FC-394F-4D5B-B357-3728FF0D713E}.Debug|Any CPU.Build.0 = Debug|Any CPU
		{64B312FC-394F-4D5B-B357-3728FF0D713E}.Release|Any CPU.ActiveCfg = Release|Any CPU
		{64B312FC-394F-4D5B-B357-3728FF0D713E}.Release|Any CPU.Build.0 = Release|Any CPU
	EndGlobalSection
	GlobalSection(SolutionProperties) = preSolution
		HideSolutionNode = FALSE
	EndGlobalSection
	GlobalSection(ExtensibilityGlobals) = postSolution
		SolutionGuid = {422A7838-914A-4DDE-983B-4EF7EECC920E}
	EndGlobalSection
EndGlobal
